// !$*UTF8*$!
{
	archiveVersion = 1;
	classes = {
	};
	objectVersion = 46;
	objects = {

/* Begin PBXBuildFile section */
		8D99A0E72039F5AF0029ADBD /* AppDelegate.swift in Sources */ = {isa = PBXBuildFile; fileRef = 8D99A0E62039F5AF0029ADBD /* AppDelegate.swift */; };
		8D99A0E92039F5AF0029ADBD /* RootViewController.swift in Sources */ = {isa = PBXBuildFile; fileRef = 8D99A0E82039F5AF0029ADBD /* RootViewController.swift */; };
		8D99A0EB2039F5AF0029ADBD /* DataViewController.swift in Sources */ = {isa = PBXBuildFile; fileRef = 8D99A0EA2039F5AF0029ADBD /* DataViewController.swift */; };
		8D99A0ED2039F5AF0029ADBD /* ModelController.swift in Sources */ = {isa = PBXBuildFile; fileRef = 8D99A0EC2039F5AF0029ADBD /* ModelController.swift */; };
		8D99A0F02039F5AF0029ADBD /* Main.storyboard in Resources */ = {isa = PBXBuildFile; fileRef = 8D99A0EE2039F5AF0029ADBD /* Main.storyboard */; };
		8D99A0F22039F5AF0029ADBD /* Assets.xcassets in Resources */ = {isa = PBXBuildFile; fileRef = 8D99A0F12039F5AF0029ADBD /* Assets.xcassets */; };
		8D99A0F52039F5AF0029ADBD /* LaunchScreen.storyboard in Resources */ = {isa = PBXBuildFile; fileRef = 8D99A0F32039F5AF0029ADBD /* LaunchScreen.storyboard */; };
		8D99A1002039F5B00029ADBD /* MMDATests.swift in Sources */ = {isa = PBXBuildFile; fileRef = 8D99A0FF2039F5B00029ADBD /* MMDATests.swift */; };
		8D99A10B2039F5B00029ADBD /* MMDAUITests.swift in Sources */ = {isa = PBXBuildFile; fileRef = 8D99A10A2039F5B00029ADBD /* MMDAUITests.swift */; };
/* End PBXBuildFile section */

/* Begin PBXContainerItemProxy section */
		8D99A0FC2039F5B00029ADBD /* PBXContainerItemProxy */ = {
			isa = PBXContainerItemProxy;
			containerPortal = 8D99A0DB2039F5AF0029ADBD /* Project object */;
			proxyType = 1;
			remoteGlobalIDString = 8D99A0E22039F5AF0029ADBD;
			remoteInfo = MMDA;
		};
		8D99A1072039F5B00029ADBD /* PBXContainerItemProxy */ = {
			isa = PBXContainerItemProxy;
			containerPortal = 8D99A0DB2039F5AF0029ADBD /* Project object */;
			proxyType = 1;
			remoteGlobalIDString = 8D99A0E22039F5AF0029ADBD;
			remoteInfo = MMDA;
		};
/* End PBXContainerItemProxy section */

/* Begin PBXFileReference section */
		8D99A0E32039F5AF0029ADBD /* MMDA.app */ = {isa = PBXFileReference; explicitFileType = wrapper.application; includeInIndex = 0; path = MMDA.app; sourceTree = BUILT_PRODUCTS_DIR; };
		8D99A0E62039F5AF0029ADBD /* AppDelegate.swift */ = {isa = PBXFileReference; lastKnownFileType = sourcecode.swift; path = AppDelegate.swift; sourceTree = "<group>"; };
		8D99A0E82039F5AF0029ADBD /* RootViewController.swift */ = {isa = PBXFileReference; lastKnownFileType = sourcecode.swift; path = RootViewController.swift; sourceTree = "<group>"; };
		8D99A0EA2039F5AF0029ADBD /* DataViewController.swift */ = {isa = PBXFileReference; lastKnownFileType = sourcecode.swift; path = DataViewController.swift; sourceTree = "<group>"; };
		8D99A0EC2039F5AF0029ADBD /* ModelController.swift */ = {isa = PBXFileReference; lastKnownFileType = sourcecode.swift; path = ModelController.swift; sourceTree = "<group>"; };
		8D99A0EF2039F5AF0029ADBD /* Base */ = {isa = PBXFileReference; lastKnownFileType = file.storyboard; name = Base; path = Base.lproj/Main.storyboard; sourceTree = "<group>"; };
		8D99A0F12039F5AF0029ADBD /* Assets.xcassets */ = {isa = PBXFileReference; lastKnownFileType = folder.assetcatalog; path = Assets.xcassets; sourceTree = "<group>"; };
		8D99A0F42039F5AF0029ADBD /* Base */ = {isa = PBXFileReference; lastKnownFileType = file.storyboard; name = Base; path = Base.lproj/LaunchScreen.storyboard; sourceTree = "<group>"; };
		8D99A0F62039F5AF0029ADBD /* Info.plist */ = {isa = PBXFileReference; lastKnownFileType = text.plist.xml; path = Info.plist; sourceTree = "<group>"; };
		8D99A0FB2039F5B00029ADBD /* MMDATests.xctest */ = {isa = PBXFileReference; explicitFileType = wrapper.cfbundle; includeInIndex = 0; path = MMDATests.xctest; sourceTree = BUILT_PRODUCTS_DIR; };
		8D99A0FF2039F5B00029ADBD /* MMDATests.swift */ = {isa = PBXFileReference; lastKnownFileType = sourcecode.swift; path = MMDATests.swift; sourceTree = "<group>"; };
		8D99A1012039F5B00029ADBD /* Info.plist */ = {isa = PBXFileReference; lastKnownFileType = text.plist.xml; path = Info.plist; sourceTree = "<group>"; };
		8D99A1062039F5B00029ADBD /* MMDAUITests.xctest */ = {isa = PBXFileReference; explicitFileType = wrapper.cfbundle; includeInIndex = 0; path = MMDAUITests.xctest; sourceTree = BUILT_PRODUCTS_DIR; };
		8D99A10A2039F5B00029ADBD /* MMDAUITests.swift */ = {isa = PBXFileReference; lastKnownFileType = sourcecode.swift; path = MMDAUITests.swift; sourceTree = "<group>"; };
		8D99A10C2039F5B00029ADBD /* Info.plist */ = {isa = PBXFileReference; lastKnownFileType = text.plist.xml; path = Info.plist; sourceTree = "<group>"; };
/* End PBXFileReference section */

/* Begin PBXFrameworksBuildPhase section */
		8D99A0E02039F5AF0029ADBD /* Frameworks */ = {
			isa = PBXFrameworksBuildPhase;
			buildActionMask = 2147483647;
			files = (
			);
			runOnlyForDeploymentPostprocessing = 0;
		};
		8D99A0F82039F5B00029ADBD /* Frameworks */ = {
			isa = PBXFrameworksBuildPhase;
			buildActionMask = 2147483647;
			files = (
			);
			runOnlyForDeploymentPostprocessing = 0;
		};
		8D99A1032039F5B00029ADBD /* Frameworks */ = {
			isa = PBXFrameworksBuildPhase;
			buildActionMask = 2147483647;
			files = (
			);
			runOnlyForDeploymentPostprocessing = 0;
		};
/* End PBXFrameworksBuildPhase section */

/* Begin PBXGroup section */
		8D99A0DA2039F5AF0029ADBD = {
			isa = PBXGroup;
			children = (
				8D99A0E52039F5AF0029ADBD /* MMDA */,
				8D99A0FE2039F5B00029ADBD /* MMDATests */,
				8D99A1092039F5B00029ADBD /* MMDAUITests */,
				8D99A0E42039F5AF0029ADBD /* Products */,
			);
			sourceTree = "<group>";
		};
		8D99A0E42039F5AF0029ADBD /* Products */ = {
			isa = PBXGroup;
			children = (
				8D99A0E32039F5AF0029ADBD /* MMDA.app */,
				8D99A0FB2039F5B00029ADBD /* MMDATests.xctest */,
				8D99A1062039F5B00029ADBD /* MMDAUITests.xctest */,
			);
			name = Products;
			sourceTree = "<group>";
		};
		8D99A0E52039F5AF0029ADBD /* MMDA */ = {
			isa = PBXGroup;
			children = (
				8D99A0E62039F5AF0029ADBD /* AppDelegate.swift */,
				8D99A0E82039F5AF0029ADBD /* RootViewController.swift */,
				8D99A0EA2039F5AF0029ADBD /* DataViewController.swift */,
				8D99A0EC2039F5AF0029ADBD /* ModelController.swift */,
				8D99A0EE2039F5AF0029ADBD /* Main.storyboard */,
				8D99A0F12039F5AF0029ADBD /* Assets.xcassets */,
				8D99A0F32039F5AF0029ADBD /* LaunchScreen.storyboard */,
				8D99A0F62039F5AF0029ADBD /* Info.plist */,
			);
			path = MMDA;
			sourceTree = "<group>";
		};
		8D99A0FE2039F5B00029ADBD /* MMDATests */ = {
			isa = PBXGroup;
			children = (
				8D99A0FF2039F5B00029ADBD /* MMDATests.swift */,
				8D99A1012039F5B00029ADBD /* Info.plist */,
			);
			path = MMDATests;
			sourceTree = "<group>";
		};
		8D99A1092039F5B00029ADBD /* MMDAUITests */ = {
			isa = PBXGroup;
			children = (
				8D99A10A2039F5B00029ADBD /* MMDAUITests.swift */,
				8D99A10C2039F5B00029ADBD /* Info.plist */,
			);
			path = MMDAUITests;
			sourceTree = "<group>";
		};
/* End PBXGroup section */

/* Begin PBXNativeTarget section */
		8D99A0E22039F5AF0029ADBD /* MMDA */ = {
			isa = PBXNativeTarget;
			buildConfigurationList = 8D99A10F2039F5B00029ADBD /* Build configuration list for PBXNativeTarget "MMDA" */;
			buildPhases = (
				8D99A0DF2039F5AF0029ADBD /* Sources */,
				8D99A0E02039F5AF0029ADBD /* Frameworks */,
				8D99A0E12039F5AF0029ADBD /* Resources */,
			);
			buildRules = (
			);
			dependencies = (
			);
			name = MMDA;
			productName = MMDA;
			productReference = 8D99A0E32039F5AF0029ADBD /* MMDA.app */;
			productType = "com.apple.product-type.application";
		};
		8D99A0FA2039F5B00029ADBD /* MMDATests */ = {
			isa = PBXNativeTarget;
			buildConfigurationList = 8D99A1122039F5B00029ADBD /* Build configuration list for PBXNativeTarget "MMDATests" */;
			buildPhases = (
				8D99A0F72039F5B00029ADBD /* Sources */,
				8D99A0F82039F5B00029ADBD /* Frameworks */,
				8D99A0F92039F5B00029ADBD /* Resources */,
			);
			buildRules = (
			);
			dependencies = (
				8D99A0FD2039F5B00029ADBD /* PBXTargetDependency */,
			);
			name = MMDATests;
			productName = MMDATests;
			productReference = 8D99A0FB2039F5B00029ADBD /* MMDATests.xctest */;
			productType = "com.apple.product-type.bundle.unit-test";
		};
		8D99A1052039F5B00029ADBD /* MMDAUITests */ = {
			isa = PBXNativeTarget;
			buildConfigurationList = 8D99A1152039F5B00029ADBD /* Build configuration list for PBXNativeTarget "MMDAUITests" */;
			buildPhases = (
				8D99A1022039F5B00029ADBD /* Sources */,
				8D99A1032039F5B00029ADBD /* Frameworks */,
				8D99A1042039F5B00029ADBD /* Resources */,
			);
			buildRules = (
			);
			dependencies = (
				8D99A1082039F5B00029ADBD /* PBXTargetDependency */,
			);
			name = MMDAUITests;
			productName = MMDAUITests;
			productReference = 8D99A1062039F5B00029ADBD /* MMDAUITests.xctest */;
			productType = "com.apple.product-type.bundle.ui-testing";
		};
/* End PBXNativeTarget section */

/* Begin PBXProject section */
		8D99A0DB2039F5AF0029ADBD /* Project object */ = {
			isa = PBXProject;
			attributes = {
				LastSwiftUpdateCheck = 0830;
				LastUpgradeCheck = 0830;
				ORGANIZATIONNAME = SparrowHawk;
				TargetAttributes = {
					8D99A0E22039F5AF0029ADBD = {
						CreatedOnToolsVersion = 8.3.3;
						DevelopmentTeam = S6J9NR5459;
						ProvisioningStyle = Automatic;
					};
					8D99A0FA2039F5B00029ADBD = {
						CreatedOnToolsVersion = 8.3.3;
						DevelopmentTeam = S6J9NR5459;
						ProvisioningStyle = Automatic;
						TestTargetID = 8D99A0E22039F5AF0029ADBD;
					};
					8D99A1052039F5B00029ADBD = {
						CreatedOnToolsVersion = 8.3.3;
						DevelopmentTeam = S6J9NR5459;
						ProvisioningStyle = Automatic;
						TestTargetID = 8D99A0E22039F5AF0029ADBD;
					};
				};
			};
			buildConfigurationList = 8D99A0DE2039F5AF0029ADBD /* Build configuration list for PBXProject "MMDA" */;
			compatibilityVersion = "Xcode 3.2";
			developmentRegion = English;
			hasScannedForEncodings = 0;
			knownRegions = (
				en,
				Base,
			);
			mainGroup = 8D99A0DA2039F5AF0029ADBD;
			productRefGroup = 8D99A0E42039F5AF0029ADBD /* Products */;
			projectDirPath = "";
			projectRoot = "";
			targets = (
				8D99A0E22039F5AF0029ADBD /* MMDA */,
				8D99A0FA2039F5B00029ADBD /* MMDATests */,
				8D99A1052039F5B00029ADBD /* MMDAUITests */,
			);
		};
/* End PBXProject section */

/* Begin PBXResourcesBuildPhase section */
		8D99A0E12039F5AF0029ADBD /* Resources */ = {
			isa = PBXResourcesBuildPhase;
			buildActionMask = 2147483647;
			files = (
				8D99A0F52039F5AF0029ADBD /* LaunchScreen.storyboard in Resources */,
				8D99A0F22039F5AF0029ADBD /* Assets.xcassets in Resources */,
				8D99A0F02039F5AF0029ADBD /* Main.storyboard in Resources */,
			);
			runOnlyForDeploymentPostprocessing = 0;
		};
		8D99A0F92039F5B00029ADBD /* Resources */ = {
			isa = PBXResourcesBuildPhase;
			buildActionMask = 2147483647;
			files = (
			);
			runOnlyForDeploymentPostprocessing = 0;
		};
		8D99A1042039F5B00029ADBD /* Resources */ = {
			isa = PBXResourcesBuildPhase;
			buildActionMask = 2147483647;
			files = (
			);
			runOnlyForDeploymentPostprocessing = 0;
		};
/* End PBXResourcesBuildPhase section */

/* Begin PBXSourcesBuildPhase section */
		8D99A0DF2039F5AF0029ADBD /* Sources */ = {
			isa = PBXSourcesBuildPhase;
			buildActionMask = 2147483647;
			files = (
				8D99A0E92039F5AF0029ADBD /* RootViewController.swift in Sources */,
				8D99A0ED2039F5AF0029ADBD /* ModelController.swift in Sources */,
				8D99A0EB2039F5AF0029ADBD /* DataViewController.swift in Sources */,
				8D99A0E72039F5AF0029ADBD /* AppDelegate.swift in Sources */,
			);
			runOnlyForDeploymentPostprocessing = 0;
		};
		8D99A0F72039F5B00029ADBD /* Sources */ = {
			isa = PBXSourcesBuildPhase;
			buildActionMask = 2147483647;
			files = (
				8D99A1002039F5B00029ADBD /* MMDATests.swift in Sources */,
			);
			runOnlyForDeploymentPostprocessing = 0;
		};
		8D99A1022039F5B00029ADBD /* Sources */ = {
			isa = PBXSourcesBuildPhase;
			buildActionMask = 2147483647;
			files = (
				8D99A10B2039F5B00029ADBD /* MMDAUITests.swift in Sources */,
			);
			runOnlyForDeploymentPostprocessing = 0;
		};
/* End PBXSourcesBuildPhase section */

/* Begin PBXTargetDependency section */
		8D99A0FD2039F5B00029ADBD /* PBXTargetDependency */ = {
			isa = PBXTargetDependency;
			target = 8D99A0E22039F5AF0029ADBD /* MMDA */;
			targetProxy = 8D99A0FC2039F5B00029ADBD /* PBXContainerItemProxy */;
		};
		8D99A1082039F5B00029ADBD /* PBXTargetDependency */ = {
			isa = PBXTargetDependency;
			target = 8D99A0E22039F5AF0029ADBD /* MMDA */;
			targetProxy = 8D99A1072039F5B00029ADBD /* PBXContainerItemProxy */;
		};
/* End PBXTargetDependency section */

/* Begin PBXVariantGroup section */
		8D99A0EE2039F5AF0029ADBD /* Main.storyboard */ = {
			isa = PBXVariantGroup;
			children = (
				8D99A0EF2039F5AF0029ADBD /* Base */,
			);
			name = Main.storyboard;
			sourceTree = "<group>";
		};
		8D99A0F32039F5AF0029ADBD /* LaunchScreen.storyboard */ = {
			isa = PBXVariantGroup;
			children = (
				8D99A0F42039F5AF0029ADBD /* Base */,
			);
			name = LaunchScreen.storyboard;
			sourceTree = "<group>";
		};
/* End PBXVariantGroup section */

/* Begin XCBuildConfiguration section */
		8D99A10D2039F5B00029ADBD /* Debug */ = {
			isa = XCBuildConfiguration;
			buildSettings = {
				ALWAYS_SEARCH_USER_PATHS = NO;
				CLANG_ANALYZER_NONNULL = YES;
				CLANG_ANALYZER_NUMBER_OBJECT_CONVERSION = YES_AGGRESSIVE;
				CLANG_CXX_LANGUAGE_STANDARD = "gnu++0x";
				CLANG_CXX_LIBRARY = "libc++";
				CLANG_ENABLE_MODULES = YES;
				CLANG_ENABLE_OBJC_ARC = YES;
				CLANG_WARN_BOOL_CONVERSION = YES;
				CLANG_WARN_CONSTANT_CONVERSION = YES;
				CLANG_WARN_DIRECT_OBJC_ISA_USAGE = YES_ERROR;
				CLANG_WARN_DOCUMENTATION_COMMENTS = YES;
				CLANG_WARN_EMPTY_BODY = YES;
				CLANG_WARN_ENUM_CONVERSION = YES;
				CLANG_WARN_INFINITE_RECURSION = YES;
				CLANG_WARN_INT_CONVERSION = YES;
				CLANG_WARN_OBJC_ROOT_CLASS = YES_ERROR;
				CLANG_WARN_SUSPICIOUS_MOVE = YES;
				CLANG_WARN_UNREACHABLE_CODE = YES;
				CLANG_WARN__DUPLICATE_METHOD_MATCH = YES;
				"CODE_SIGN_IDENTITY[sdk=iphoneos*]" = "iPhone Developer";
				COPY_PHASE_STRIP = NO;
				DEBUG_INFORMATION_FORMAT = dwarf;
				ENABLE_STRICT_OBJC_MSGSEND = YES;
				ENABLE_TESTABILITY = YES;
				GCC_C_LANGUAGE_STANDARD = gnu99;
				GCC_DYNAMIC_NO_PIC = NO;
				GCC_NO_COMMON_BLOCKS = YES;
				GCC_OPTIMIZATION_LEVEL = 0;
				GCC_PREPROCESSOR_DEFINITIONS = (
					"DEBUG=1",
					"$(inherited)",
				);
				GCC_WARN_64_TO_32_BIT_CONVERSION = YES;
				GCC_WARN_ABOUT_RETURN_TYPE = YES_ERROR;
				GCC_WARN_UNDECLARED_SELECTOR = YES;
				GCC_WARN_UNINITIALIZED_AUTOS = YES_AGGRESSIVE;
				GCC_WARN_UNUSED_FUNCTION = YES;
				GCC_WARN_UNUSED_VARIABLE = YES;
				IPHONEOS_DEPLOYMENT_TARGET = 10.3;
				MTL_ENABLE_DEBUG_INFO = YES;
				ONLY_ACTIVE_ARCH = YES;
				SDKROOT = iphoneos;
				SWIFT_ACTIVE_COMPILATION_CONDITIONS = DEBUG;
				SWIFT_OPTIMIZATION_LEVEL = "-Onone";
				TARGETED_DEVICE_FAMILY = "1,2";
			};
			name = Debug;
		};
		8D99A10E2039F5B00029ADBD /* Release */ = {
			isa = XCBuildConfiguration;
			buildSettings = {
				ALWAYS_SEARCH_USER_PATHS = NO;
				CLANG_ANALYZER_NONNULL = YES;
				CLANG_ANALYZER_NUMBER_OBJECT_CONVERSION = YES_AGGRESSIVE;
				CLANG_CXX_LANGUAGE_STANDARD = "gnu++0x";
				CLANG_CXX_LIBRARY = "libc++";
				CLANG_ENABLE_MODULES = YES;
				CLANG_ENABLE_OBJC_ARC = YES;
				CLANG_WARN_BOOL_CONVERSION = YES;
				CLANG_WARN_CONSTANT_CONVERSION = YES;
				CLANG_WARN_DIRECT_OBJC_ISA_USAGE = YES_ERROR;
				CLANG_WARN_DOCUMENTATION_COMMENTS = YES;
				CLANG_WARN_EMPTY_BODY = YES;
				CLANG_WARN_ENUM_CONVERSION = YES;
				CLANG_WARN_INFINITE_RECURSION = YES;
				CLANG_WARN_INT_CONVERSION = YES;
				CLANG_WARN_OBJC_ROOT_CLASS = YES_ERROR;
				CLANG_WARN_SUSPICIOUS_MOVE = YES;
				CLANG_WARN_UNREACHABLE_CODE = YES;
				CLANG_WARN__DUPLICATE_METHOD_MATCH = YES;
				"CODE_SIGN_IDENTITY[sdk=iphoneos*]" = "iPhone Developer";
				COPY_PHASE_STRIP = NO;
				DEBUG_INFORMATION_FORMAT = "dwarf-with-dsym";
				ENABLE_NS_ASSERTIONS = NO;
				ENABLE_STRICT_OBJC_MSGSEND = YES;
				GCC_C_LANGUAGE_STANDARD = gnu99;
				GCC_NO_COMMON_BLOCKS = YES;
				GCC_WARN_64_TO_32_BIT_CONVERSION = YES;
				GCC_WARN_ABOUT_RETURN_TYPE = YES_ERROR;
				GCC_WARN_UNDECLARED_SELECTOR = YES;
				GCC_WARN_UNINITIALIZED_AUTOS = YES_AGGRESSIVE;
				GCC_WARN_UNUSED_FUNCTION = YES;
				GCC_WARN_UNUSED_VARIABLE = YES;
				IPHONEOS_DEPLOYMENT_TARGET = 10.3;
				MTL_ENABLE_DEBUG_INFO = NO;
				SDKROOT = iphoneos;
				SWIFT_OPTIMIZATION_LEVEL = "-Owholemodule";
				TARGETED_DEVICE_FAMILY = "1,2";
				VALIDATE_PRODUCT = YES;
			};
			name = Release;
		};
		8D99A1102039F5B00029ADBD /* Debug */ = {
			isa = XCBuildConfiguration;
			buildSettings = {
				ASSETCATALOG_COMPILER_APPICON_NAME = AppIcon;
				DEVELOPMENT_TEAM = S6J9NR5459;
				INFOPLIST_FILE = MMDA/Info.plist;
				LD_RUNPATH_SEARCH_PATHS = "$(inherited) @executable_path/Frameworks";
				PRODUCT_BUNDLE_IDENTIFIER = com.Sparrowhawk.MMDA;
				PRODUCT_NAME = "$(TARGET_NAME)";
				SWIFT_VERSION = 3.0;
			};
			name = Debug;
		};
		8D99A1112039F5B00029ADBD /* Release */ = {
			isa = XCBuildConfiguration;
			buildSettings = {
				ASSETCATALOG_COMPILER_APPICON_NAME = AppIcon;
				DEVELOPMENT_TEAM = S6J9NR5459;
				INFOPLIST_FILE = MMDA/Info.plist;
				LD_RUNPATH_SEARCH_PATHS = "$(inherited) @executable_path/Frameworks";
				PRODUCT_BUNDLE_IDENTIFIER = com.Sparrowhawk.MMDA;
				PRODUCT_NAME = "$(TARGET_NAME)";
				SWIFT_VERSION = 3.0;
			};
			name = Release;
		};
		8D99A1132039F5B00029ADBD /* Debug */ = {
			isa = XCBuildConfiguration;
			buildSettings = {
				ALWAYS_EMBED_SWIFT_STANDARD_LIBRARIES = YES;
				BUNDLE_LOADER = "$(TEST_HOST)";
				DEVELOPMENT_TEAM = S6J9NR5459;
				INFOPLIST_FILE = MMDATests/Info.plist;
				LD_RUNPATH_SEARCH_PATHS = "$(inherited) @executable_path/Frameworks @loader_path/Frameworks";
				PRODUCT_BUNDLE_IDENTIFIER = com.Sparrowhawk.MMDATests;
				PRODUCT_NAME = "$(TARGET_NAME)";
				SWIFT_VERSION = 3.0;
				TEST_HOST = "$(BUILT_PRODUCTS_DIR)/MMDA.app/MMDA";
			};
			name = Debug;
		};
		8D99A1142039F5B00029ADBD /* Release */ = {
			isa = XCBuildConfiguration;
			buildSettings = {
				ALWAYS_EMBED_SWIFT_STANDARD_LIBRARIES = YES;
				BUNDLE_LOADER = "$(TEST_HOST)";
				DEVELOPMENT_TEAM = S6J9NR5459;
				INFOPLIST_FILE = MMDATests/Info.plist;
				LD_RUNPATH_SEARCH_PATHS = "$(inherited) @executable_path/Frameworks @loader_path/Frameworks";
				PRODUCT_BUNDLE_IDENTIFIER = com.Sparrowhawk.MMDATests;
				PRODUCT_NAME = "$(TARGET_NAME)";
				SWIFT_VERSION = 3.0;
				TEST_HOST = "$(BUILT_PRODUCTS_DIR)/MMDA.app/MMDA";
			};
			name = Release;
		};
		8D99A1162039F5B00029ADBD /* Debug */ = {
			isa = XCBuildConfiguration;
			buildSettings = {
				ALWAYS_EMBED_SWIFT_STANDARD_LIBRARIES = YES;
				DEVELOPMENT_TEAM = S6J9NR5459;
				INFOPLIST_FILE = MMDAUITests/Info.plist;
				LD_RUNPATH_SEARCH_PATHS = "$(inherited) @executable_path/Frameworks @loader_path/Frameworks";
				PRODUCT_BUNDLE_IDENTIFIER = com.Sparrowhawk.MMDAUITests;
				PRODUCT_NAME = "$(TARGET_NAME)";
				SWIFT_VERSION = 3.0;
				TEST_TARGET_NAME = MMDA;
			};
			name = Debug;
		};
		8D99A1172039F5B00029ADBD /* Release */ = {
			isa = XCBuildConfiguration;
			buildSettings = {
				ALWAYS_EMBED_SWIFT_STANDARD_LIBRARIES = YES;
				DEVELOPMENT_TEAM = S6J9NR5459;
				INFOPLIST_FILE = MMDAUITests/Info.plist;
				LD_RUNPATH_SEARCH_PATHS = "$(inherited) @executable_path/Frameworks @loader_path/Frameworks";
				PRODUCT_BUNDLE_IDENTIFIER = com.Sparrowhawk.MMDAUITests;
				PRODUCT_NAME = "$(TARGET_NAME)";
				SWIFT_VERSION = 3.0;
				TEST_TARGET_NAME = MMDA;
			};
			name = Release;
		};
/* End XCBuildConfiguration section */

/* Begin XCConfigurationList section */
		8D99A0DE2039F5AF0029ADBD /* Build configuration list for PBXProject "MMDA" */ = {
			isa = XCConfigurationList;
			buildConfigurations = (
				8D99A10D2039F5B00029ADBD /* Debug */,
				8D99A10E2039F5B00029ADBD /* Release */,
			);
			defaultConfigurationIsVisible = 0;
			defaultConfigurationName = Release;
		};
		8D99A10F2039F5B00029ADBD /* Build configuration list for PBXNativeTarget "MMDA" */ = {
			isa = XCConfigurationList;
			buildConfigurations = (
				8D99A1102039F5B00029ADBD /* Debug */,
				8D99A1112039F5B00029ADBD /* Release */,
			);
			defaultConfigurationIsVisible = 0;
		};
		8D99A1122039F5B00029ADBD /* Build configuration list for PBXNativeTarget "MMDATests" */ = {
			isa = XCConfigurationList;
			buildConfigurations = (
				8D99A1132039F5B00029ADBD /* Debug */,
				8D99A1142039F5B00029ADBD /* Release */,
			);
			defaultConfigurationIsVisible = 0;
		};
		8D99A1152039F5B00029ADBD /* Build configuration list for PBXNativeTarget "MMDAUITests" */ = {
			isa = XCConfigurationList;
			buildConfigurations = (
				8D99A1162039F5B00029ADBD /* Debug */,
				8D99A1172039F5B00029ADBD /* Release */,
			);
			defaultConfigurationIsVisible = 0;
		};
/* End XCConfigurationList section */
	};
	rootObject = 8D99A0DB2039F5AF0029ADBD /* Project object */;
}
