PODS:
  - Charts (3.1.1):
    - Charts/Core (= 3.1.1)
  - Charts/Core (3.1.1)
  - GoogleMaps (2.7.0):
    - GoogleMaps/Maps (= 2.7.0)
  - GoogleMaps/Base (2.7.0)
  - GoogleMaps/Maps (2.7.0):
    - GoogleMaps/Base
  - GooglePlaces (2.7.0):
    - GoogleMaps/Base (= 2.7.0)

DEPENDENCIES:
  - Charts
  - GoogleMaps
  - GooglePlaces

SPEC REPOS:
  https://github.com/CocoaPods/Specs.git:
    - Charts
    - GoogleMaps
    - GooglePlaces

SPEC CHECKSUMS:
  Charts: 90a4d61da0f6e06684c591e3bcab11940fe61736
  GoogleMaps: f79af95cb24d869457b1f961c93d3ce8b2f3b848
  GooglePlaces: 3d06e6c99654545b4738ce49648745779c25f2ef

PODFILE CHECKSUM: 51ac46f37c03f2e432efdfa5ec2cd072907d12b8

COCOAPODS: 1.5.0
